// !$*UTF8*$!
{
	archiveVersion = 1;
	classes = {
	};
	objectVersion = 46;
	objects = {

/* Begin PBXBuildFile section */
		DDBCFBB31E51F7F800E4CBDC /* AppDelegate.swift in Sources */ = {isa = PBXBuildFile; fileRef = DDBCFBB21E51F7F800E4CBDC /* AppDelegate.swift */; };
		DDBCFBB51E51F7F800E4CBDC /* ViewController.swift in Sources */ = {isa = PBXBuildFile; fileRef = DDBCFBB41E51F7F800E4CBDC /* ViewController.swift */; };
		DDBCFBB81E51F7F800E4CBDC /* Main.storyboard in Resources */ = {isa = PBXBuildFile; fileRef = DDBCFBB61E51F7F800E4CBDC /* Main.storyboard */; };
		DDBCFBBA1E51F7F800E4CBDC /* Assets.xcassets in Resources */ = {isa = PBXBuildFile; fileRef = DDBCFBB91E51F7F800E4CBDC /* Assets.xcassets */; };
		DDBCFBBD1E51F7F800E4CBDC /* LaunchScreen.storyboard in Resources */ = {isa = PBXBuildFile; fileRef = DDBCFBBB1E51F7F800E4CBDC /* LaunchScreen.storyboard */; };
/* End PBXBuildFile section */

/* Begin PBXFileReference section */
		DDBCFBAF1E51F7F800E4CBDC /* calculator.app */ = {isa = PBXFileReference; explicitFileType = wrapper.application; includeInIndex = 0; path = calculator.app; sourceTree = BUILT_PRODUCTS_DIR; };
		DDBCFBB21E51F7F800E4CBDC /* AppDelegate.swift */ = {isa = PBXFileReference; lastKnownFileType = sourcecode.swift; path = AppDelegate.swift; sourceTree = "<group>"; };
		DDBCFBB41E51F7F800E4CBDC /* ViewController.swift */ = {isa = PBXFileReference; lastKnownFileType = sourcecode.swift; path = ViewController.swift; sourceTree = "<group>"; };
		DDBCFBB71E51F7F800E4CBDC /* Base */ = {isa = PBXFileReference; lastKnownFileType = file.storyboard; name = Base; path = Base.lproj/Main.storyboard; sourceTree = "<group>"; };
		DDBCFBB91E51F7F800E4CBDC /* Assets.xcassets */ = {isa = PBXFileReference; lastKnownFileType = folder.assetcatalog; path = Assets.xcassets; sourceTree = "<group>"; };
		DDBCFBBC1E51F7F800E4CBDC /* Base */ = {isa = PBXFileReference; lastKnownFileType = file.storyboard; name = Base; path = Base.lproj/LaunchScreen.storyboard; sourceTree = "<group>"; };
		DDBCFBBE1E51F7F800E4CBDC /* Info.plist */ = {isa = PBXFileReference; lastKnownFileType = text.plist.xml; path = Info.plist; sourceTree = "<group>"; };
/* End PBXFileReference section */

/* Begin PBXFrameworksBuildPhase section */
		DDBCFBAC1E51F7F800E4CBDC /* Frameworks */ = {
			isa = PBXFrameworksBuildPhase;
			buildActionMask = 2147483647;
			files = (
			);
			runOnlyForDeploymentPostprocessing = 0;
		};
/* End PBXFrameworksBuildPhase section */

/* Begin PBXGroup section */
		DDBCFBA61E51F7F800E4CBDC = {
			isa = PBXGroup;
			children = (
				DDBCFBB11E51F7F800E4CBDC /* calculator */,
				DDBCFBB01E51F7F800E4CBDC /* Products */,
			);
			sourceTree = "<group>";
		};
		DDBCFBB01E51F7F800E4CBDC /* Products */ = {
			isa = PBXGroup;
			children = (
				DDBCFBAF1E51F7F800E4CBDC /* calculator.app */,
			);
			name = Products;
			sourceTree = "<group>";
		};
		DDBCFBB11E51F7F800E4CBDC /* calculator */ = {
			isa = PBXGroup;
			children = (
				DDBCFBB21E51F7F800E4CBDC /* AppDelegate.swift */,
				DDBCFBB41E51F7F800E4CBDC /* ViewController.swift */,
				DDBCFBB61E51F7F800E4CBDC /* Main.storyboard */,
				DDBCFBB91E51F7F800E4CBDC /* Assets.xcassets */,
				DDBCFBBB1E51F7F800E4CBDC /* LaunchScreen.storyboard */,
				DDBCFBBE1E51F7F800E4CBDC /* Info.plist */,
			);
			path = calculator;
			sourceTree = "<group>";
		};
/* End PBXGroup section */

/* Begin PBXNativeTarget section */
		DDBCFBAE1E51F7F800E4CBDC /* calculator */ = {
			isa = PBXNativeTarget;
			buildConfigurationList = DDBCFBC11E51F7F800E4CBDC /* Build configuration list for PBXNativeTarget "calculator" */;
			buildPhases = (
				DDBCFBAB1E51F7F800E4CBDC /* Sources */,
				DDBCFBAC1E51F7F800E4CBDC /* Frameworks */,
				DDBCFBAD1E51F7F800E4CBDC /* Resources */,
			);
			buildRules = (
			);
			dependencies = (
			);
			name = calculator;
			productName = calculator;
			productReference = DDBCFBAF1E51F7F800E4CBDC /* calculator.app */;
			productType = "com.apple.product-type.application";
		};
/* End PBXNativeTarget section */

/* Begin PBXProject section */
		DDBCFBA71E51F7F800E4CBDC /* Project object */ = {
			isa = PBXProject;
			attributes = {
				LastSwiftUpdateCheck = 0820;
				LastUpgradeCheck = 0820;
				ORGANIZATIONNAME = "Anil Reddy";
				TargetAttributes = {
					DDBCFBAE1E51F7F800E4CBDC = {
						CreatedOnToolsVersion = 8.2.1;
						DevelopmentTeam = XP45ZT7B36;
						ProvisioningStyle = Automatic;
					};
				};
			};
			buildConfigurationList = DDBCFBAA1E51F7F800E4CBDC /* Build configuration list for PBXProject "calculator" */;
			compatibilityVersion = "Xcode 3.2";
			developmentRegion = English;
			hasScannedForEncodings = 0;
			knownRegions = (
				en,
				Base,
			);
			mainGroup = DDBCFBA61E51F7F800E4CBDC;
			productRefGroup = DDBCFBB01E51F7F800E4CBDC /* Products */;
			projectDirPath = "";
			projectRoot = "";
			targets = (
				DDBCFBAE1E51F7F800E4CBDC /* calculator */,
			);
		};
/* End PBXProject section */

/* Begin PBXResourcesBuildPhase section */
		DDBCFBAD1E51F7F800E4CBDC /* Resources */ = {
			isa = PBXResourcesBuildPhase;
			buildActionMask = 2147483647;
			files = (
				DDBCFBBD1E51F7F800E4CBDC /* LaunchScreen.storyboard in Resources */,
				DDBCFBBA1E51F7F800E4CBDC /* Assets.xcassets in Resources */,
				DDBCFBB81E51F7F800E4CBDC /* Main.storyboard in Resources */,
			);
			runOnlyForDeploymentPostprocessing = 0;
		};
/* End PBXResourcesBuildPhase section */

/* Begin PBXSourcesBuildPhase section */
		DDBCFBAB1E51F7F800E4CBDC /* Sources */ = {
			isa = PBXSourcesBuildPhase;
			buildActionMask = 2147483647;
			files = (
				DDBCFBB51E51F7F800E4CBDC /* ViewController.swift in Sources */,
				DDBCFBB31E51F7F800E4CBDC /* AppDelegate.swift in Sources */,
			);
			runOnlyForDeploymentPostprocessing = 0;
		};
/* End PBXSourcesBuildPhase section */

/* Begin PBXVariantGroup section */
		DDBCFBB61E51F7F800E4CBDC /* Main.storyboard */ = {
			isa = PBXVariantGroup;
			children = (
				DDBCFBB71E51F7F800E4CBDC /* Base */,
			);
			name = Main.storyboard;
			sourceTree = "<group>";
		};
		DDBCFBBB1E51F7F800E4CBDC /* LaunchScreen.storyboard */ = {
			isa = PBXVariantGroup;
			children = (
				DDBCFBBC1E51F7F800E4CBDC /* Base */,
			);
			name = LaunchScreen.storyboard;
			sourceTree = "<group>";
		};
/* End PBXVariantGroup section */

/* Begin XCBuildConfiguration section */
		DDBCFBBF1E51F7F800E4CBDC /* Debug */ = {
			isa = XCBuildConfiguration;
			buildSettings = {
				ALWAYS_SEARCH_USER_PATHS = NO;
				CLANG_ANALYZER_NONNULL = YES;
				CLANG_CXX_LANGUAGE_STANDARD = "gnu++0x";
				CLANG_CXX_LIBRARY = "libc++";
				CLANG_ENABLE_MODULES = YES;
				CLANG_ENABLE_OBJC_ARC = YES;
				CLANG_WARN_BOOL_CONVERSION = YES;
				CLANG_WARN_CONSTANT_CONVERSION = YES;
				CLANG_WARN_DIRECT_OBJC_ISA_USAGE = YES_ERROR;
				CLANG_WARN_DOCUMENTATION_COMMENTS = YES;
				CLANG_WARN_EMPTY_BODY = YES;
				CLANG_WARN_ENUM_CONVERSION = YES;
				CLANG_WARN_INFINITE_RECURSION = YES;
				CLANG_WARN_INT_CONVERSION = YES;
				CLANG_WARN_OBJC_ROOT_CLASS = YES_ERROR;
				CLANG_WARN_SUSPICIOUS_MOVE = YES;
				CLANG_WARN_UNREACHABLE_CODE = YES;
				CLANG_WARN__DUPLICATE_METHOD_MATCH = YES;
				"CODE_SIGN_IDENTITY[sdk=iphoneos*]" = "iPhone Developer";
				COPY_PHASE_STRIP = NO;
				DEBUG_INFORMATION_FORMAT = dwarf;
				ENABLE_STRICT_OBJC_MSGSEND = YES;
				ENABLE_TESTABILITY = YES;
				GCC_C_LANGUAGE_STANDARD = gnu99;
				GCC_DYNAMIC_NO_PIC = NO;
				GCC_NO_COMMON_BLOCKS = YES;
				GCC_OPTIMIZATION_LEVEL = 0;
				GCC_PREPROCESSOR_DEFINITIONS = (
					"DEBUG=1",
					"$(inherited)",
				);
				GCC_WARN_64_TO_32_BIT_CONVERSION = YES;
				GCC_WARN_ABOUT_RETURN_TYPE = YES_ERROR;
				GCC_WARN_UNDECLARED_SELECTOR = YES;
				GCC_WARN_UNINITIALIZED_AUTOS = YES_AGGRESSIVE;
				GCC_WARN_UNUSED_FUNCTION = YES;
				GCC_WARN_UNUSED_VARIABLE = YES;
				IPHONEOS_DEPLOYMENT_TARGET = 10.2;
				MTL_ENABLE_DEBUG_INFO = YES;
				ONLY_ACTIVE_ARCH = YES;
				SDKROOT = iphoneos;
				SWIFT_ACTIVE_COMPILATION_CONDITIONS = DEBUG;
				SWIFT_OPTIMIZATION_LEVEL = "-Onone";
				TARGETED_DEVICE_FAMILY = "1,2";
			};
			name = Debug;
		};
		DDBCFBC01E51F7F800E4CBDC /* Release */ = {
			isa = XCBuildConfiguration;
			buildSettings = {
				ALWAYS_SEARCH_USER_PATHS = NO;
				CLANG_ANALYZER_NONNULL = YES;
				CLANG_CXX_LANGUAGE_STANDARD = "gnu++0x";
				CLANG_CXX_LIBRARY = "libc++";
				CLANG_ENABLE_MODULES = YES;
				CLANG_ENABLE_OBJC_ARC = YES;
				CLANG_WARN_BOOL_CONVERSION = YES;
				CLANG_WARN_CONSTANT_CONVERSION = YES;
				CLANG_WARN_DIRECT_OBJC_ISA_USAGE = YES_ERROR;
				CLANG_WARN_DOCUMENTATION_COMMENTS = YES;
				CLANG_WARN_EMPTY_BODY = YES;
				CLANG_WARN_ENUM_CONVERSION = YES;
				CLANG_WARN_INFINITE_RECURSION = YES;
				CLANG_WARN_INT_CONVERSION = YES;
				CLANG_WARN_OBJC_ROOT_CLASS = YES_ERROR;
				CLANG_WARN_SUSPICIOUS_MOVE = YES;
				CLANG_WARN_UNREACHABLE_CODE = YES;
				CLANG_WARN__DUPLICATE_METHOD_MATCH = YES;
				"CODE_SIGN_IDENTITY[sdk=iphoneos*]" = "iPhone Developer";
				COPY_PHASE_STRIP = NO;
				DEBUG_INFORMATION_FORMAT = "dwarf-with-dsym";
				ENABLE_NS_ASSERTIONS = NO;
				ENABLE_STRICT_OBJC_MSGSEND = YES;
				GCC_C_LANGUAGE_STANDARD = gnu99;
				GCC_NO_COMMON_BLOCKS = YES;
				GCC_WARN_64_TO_32_BIT_CONVERSION = YES;
				GCC_WARN_ABOUT_RETURN_TYPE = YES_ERROR;
				GCC_WARN_UNDECLARED_SELECTOR = YES;
				GCC_WARN_UNINITIALIZED_AUTOS = YES_AGGRESSIVE;
				GCC_WARN_UNUSED_FUNCTION = YES;
				GCC_WARN_UNUSED_VARIABLE = YES;
				IPHONEOS_DEPLOYMENT_TARGET = 10.2;
				MTL_ENABLE_DEBUG_INFO = NO;
				SDKROOT = iphoneos;
				SWIFT_OPTIMIZATION_LEVEL = "-Owholemodule";
				TARGETED_DEVICE_FAMILY = "1,2";
				VALIDATE_PRODUCT = YES;
			};
			name = Release;
		};
		DDBCFBC21E51F7F800E4CBDC /* Debug */ = {
			isa = XCBuildConfiguration;
			buildSettings = {
				ASSETCATALOG_COMPILER_APPICON_NAME = AppIcon;
				DEVELOPMENT_TEAM = XP45ZT7B36;
				INFOPLIST_FILE = calculator/Info.plist;
				LD_RUNPATH_SEARCH_PATHS = "$(inherited) @executable_path/Frameworks";
				PRODUCT_BUNDLE_IDENTIFIER = personal.calculator;
				PRODUCT_NAME = "$(TARGET_NAME)";
				SWIFT_VERSION = 3.0;
			};
			name = Debug;
		};
		DDBCFBC31E51F7F800E4CBDC /* Release */ = {
			isa = XCBuildConfiguration;
			buildSettings = {
				ASSETCATALOG_COMPILER_APPICON_NAME = AppIcon;
				DEVELOPMENT_TEAM = XP45ZT7B36;
				INFOPLIST_FILE = calculator/Info.plist;
				LD_RUNPATH_SEARCH_PATHS = "$(inherited) @executable_path/Frameworks";
				PRODUCT_BUNDLE_IDENTIFIER = personal.calculator;
				PRODUCT_NAME = "$(TARGET_NAME)";
				SWIFT_VERSION = 3.0;
			};
			name = Release;
		};
/* End XCBuildConfiguration section */

/* Begin XCConfigurationList section */
		DDBCFBAA1E51F7F800E4CBDC /* Build configuration list for PBXProject "calculator" */ = {
			isa = XCConfigurationList;
			buildConfigurations = (
				DDBCFBBF1E51F7F800E4CBDC /* Debug */,
				DDBCFBC01E51F7F800E4CBDC /* Release */,
			);
			defaultConfigurationIsVisible = 0;
			defaultConfigurationName = Release;
		};
		DDBCFBC11E51F7F800E4CBDC /* Build configuration list for PBXNativeTarget "calculator" */ = {
			isa = XCConfigurationList;
			buildConfigurations = (
				DDBCFBC21E51F7F800E4CBDC /* Debug */,
				DDBCFBC31E51F7F800E4CBDC /* Release */,
			);
			defaultConfigurationIsVisible = 0;
		};
/* End XCConfigurationList section */
	};
	rootObject = DDBCFBA71E51F7F800E4CBDC /* Project object */;
}
